
Microsoft Visual Studio Solution File, Format Version 12.00
# Visual Studio Version 17
VisualStudioVersion = 17.3.32819.101
MinimumVisualStudioVersion = 10.0.40219.1
Project("{FAE04EC0-301F-11D3-BF4B-00C04F79EFBC}") = "AdministracionEmpresaMVC", "AdministracionEmpresaMVC.csproj", "{586C83B9-92B4-4FB7-9BA3-61E738BD9F07}"
EndProject
Global
	GlobalSection(SolutionConfigurationPlatforms) = preSolution
		Debug|Any CPU = Debug|Any CPU
		Release|Any CPU = Release|Any CPU
	EndGlobalSection
	GlobalSection(ProjectConfigurationPlatforms) = postSolution
		{586C83B9-92B4-4FB7-9BA3-61E738BD9F07}.Debug|Any CPU.ActiveCfg = Debug|Any CPU
		{586C83B9-92B4-4FB7-9BA3-61E738BD9F07}.Debug|Any CPU.Build.0 = Debug|Any CPU
		{586C83B9-92B4-4FB7-9BA3-61E738BD9F07}.Release|Any CPU.ActiveCfg = Release|Any CPU
		{586C83B9-92B4-4FB7-9BA3-61E738BD9F07}.Release|Any CPU.Build.0 = Release|Any CPU
	EndGlobalSection
	GlobalSection(SolutionProperties) = preSolution
		HideSolutionNode = FALSE
	EndGlobalSection
	GlobalSection(ExtensibilityGlobals) = postSolution
		SolutionGuid = {10D76968-6A7F-4051-A80F-09DA0E1A76B7}
	EndGlobalSection
EndGlobal
